
Microsoft Visual Studio Solution File, Format Version 12.00
# Visual Studio Version 17
VisualStudioVersion = 17.2.32408.312
MinimumVisualStudioVersion = 10.0.40219.1
Project("{2150E333-8FDC-42A3-9474-1A3956D46DE8}") = "Tests", "Tests", "{5B396B83-C3D1-422E-AF7A-5D99602B3C05}"
EndProject
Project("{9A19103F-16F7-4668-BE54-9A1E7A4F7556}") = "OutputProject", "Tests\OutputTest\OutputProject.csproj", "{43DDF7F9-8F47-49EC-B919-923E06D86AB7}"
EndProject
Project("{9A19103F-16F7-4668-BE54-9A1E7A4F7556}") = "DotNet.Cli.Build", "DotNet.Cli.Build\DotNet.Cli.Build.csproj", "{C3DB14C0-A82D-4CF4-A91D-79941D94DB01}"
EndProject
Project("{9A19103F-16F7-4668-BE54-9A1E7A4F7556}") = "GenerateAspNetCoreClient", "GenerateAspNetCoreClient\GenerateAspNetCoreClient.csproj", "{75EE42AB-40D4-47FF-B8D6-ADD17E6D2F0F}"
EndProject
Project("{9A19103F-16F7-4668-BE54-9A1E7A4F7556}") = "GenerateAspNetCoreClient.Command", "GenerateAspNetCoreClient.Command\GenerateAspNetCoreClient.Command.csproj", "{7D888E94-98B4-4A56-90BC-91DE791539CA}"
EndProject
Project("{9A19103F-16F7-4668-BE54-9A1E7A4F7556}") = "GenerateAspNetCoreClient.Options", "GenerateAspNetCoreClient.Options\GenerateAspNetCoreClient.Options.csproj", "{11A0969A-9BE9-4E7A-9DC5-300CBEDC0A45}"
EndProject
Project("{9A19103F-16F7-4668-BE54-9A1E7A4F7556}") = "GenerateAspNetCoreClient.Tests", "Tests\GenerateAspNetCoreClient.Tests\GenerateAspNetCoreClient.Tests.csproj", "{2543B4D5-D0A3-40E9-978B-A872674CF825}"
EndProject
Project("{2150E333-8FDC-42A3-9474-1A3956D46DE8}") = "Solution Items", "Solution Items", "{DD70E8A2-C0E4-463D-9A96-5E466F5ED10E}"
	ProjectSection(SolutionItems) = preProject
		.editorconfig = .editorconfig
		.github\workflows\dotnetcore.yml = .github\workflows\dotnetcore.yml
		README.md = README.md
	EndProjectSection
EndProject
Project("{9A19103F-16F7-4668-BE54-9A1E7A4F7556}") = "TestWebApi.Dtos", "Tests\TestWebApi.Dtos\TestWebApi.Dtos.csproj", "{C435A511-569D-4D46-9A33-3516F1114596}"
EndProject
Project("{2150E333-8FDC-42A3-9474-1A3956D46DE8}") = "net8.0", "net8.0", "{0B7900BF-ABDA-4783-9EF2-2A11E2F25CF3}"
EndProject
Project("{FAE04EC0-301F-11D3-BF4B-00C04F79EFBC}") = "TestWebApi.Controllers.net8.0", "Tests\TestWebApi.Controllers\TestWebApi.Controllers.net8.0.csproj", "{89277377-3A0A-4B7A-8CC5-769D583AA77F}"
EndProject
Project("{FAE04EC0-301F-11D3-BF4B-00C04F79EFBC}") = "TestWebApi.Controllers.UseApiResponses.net8.0", "Tests\TestWebApi.Controllers.UseApiResponses\TestWebApi.Controllers.UseApiResponses.net8.0.csproj", "{63C11B93-D124-49BE-8833-E4594F46E608}"
EndProject
Project("{FAE04EC0-301F-11D3-BF4B-00C04F79EFBC}") = "TestWebApi.MinimalApi.net8.0", "Tests\TestWebApi.MinimalApi\TestWebApi.MinimalApi.net8.0.csproj", "{946EAED9-18D0-424D-A3C0-93C704496AA3}"
EndProject
Project("{FAE04EC0-301F-11D3-BF4B-00C04F79EFBC}") = "TestWebApi.Versioning.net8.0", "Tests\TestWebApi.Versioning\TestWebApi.Versioning.net8.0.csproj", "{4A96C036-A98B-4318-8097-E48E107F663A}"
EndProject
Project("{2150E333-8FDC-42A3-9474-1A3956D46DE8}") = "net9.0", "net9.0", "{CC718CC6-C2BA-4BF9-8D0E-679C158DBE12}"
EndProject
Project("{FAE04EC0-301F-11D3-BF4B-00C04F79EFBC}") = "TestWebApi.Controllers.net9.0", "Tests\TestWebApi.Controllers\TestWebApi.Controllers.net9.0.csproj", "{D009D587-4753-466F-A3E8-3CF2CEAEF7E4}"
EndProject
Project("{FAE04EC0-301F-11D3-BF4B-00C04F79EFBC}") = "TestWebApi.Controllers.UseApiResponses.net9.0", "Tests\TestWebApi.Controllers.UseApiResponses\TestWebApi.Controllers.UseApiResponses.net9.0.csproj", "{E56CB7FC-D1C5-44B5-AF91-8155EAC92381}"
EndProject
Project("{FAE04EC0-301F-11D3-BF4B-00C04F79EFBC}") = "TestWebApi.MinimalApi.net9.0", "Tests\TestWebApi.MinimalApi\TestWebApi.MinimalApi.net9.0.csproj", "{DF8EAB51-14EE-48B2-93AC-7BED5FF6AA12}"
EndProject
Project("{FAE04EC0-301F-11D3-BF4B-00C04F79EFBC}") = "TestWebApi.Versioning.net9.0", "Tests\TestWebApi.Versioning\TestWebApi.Versioning.net9.0.csproj", "{3630B061-8C3B-44CC-B226-83EEE8B54D49}"
EndProject
Global
	GlobalSection(SolutionConfigurationPlatforms) = preSolution
		Debug|Any CPU = Debug|Any CPU
		Release|Any CPU = Release|Any CPU
	EndGlobalSection
	GlobalSection(ProjectConfigurationPlatforms) = postSolution
		{43DDF7F9-8F47-49EC-B919-923E06D86AB7}.Debug|Any CPU.ActiveCfg = Debug|Any CPU
		{43DDF7F9-8F47-49EC-B919-923E06D86AB7}.Debug|Any CPU.Build.0 = Debug|Any CPU
		{43DDF7F9-8F47-49EC-B919-923E06D86AB7}.Release|Any CPU.ActiveCfg = Release|Any CPU
		{43DDF7F9-8F47-49EC-B919-923E06D86AB7}.Release|Any CPU.Build.0 = Release|Any CPU
		{C3DB14C0-A82D-4CF4-A91D-79941D94DB01}.Debug|Any CPU.ActiveCfg = Debug|Any CPU
		{C3DB14C0-A82D-4CF4-A91D-79941D94DB01}.Debug|Any CPU.Build.0 = Debug|Any CPU
		{C3DB14C0-A82D-4CF4-A91D-79941D94DB01}.Release|Any CPU.ActiveCfg = Release|Any CPU
		{C3DB14C0-A82D-4CF4-A91D-79941D94DB01}.Release|Any CPU.Build.0 = Release|Any CPU
		{75EE42AB-40D4-47FF-B8D6-ADD17E6D2F0F}.Debug|Any CPU.ActiveCfg = Debug|Any CPU
		{75EE42AB-40D4-47FF-B8D6-ADD17E6D2F0F}.Debug|Any CPU.Build.0 = Debug|Any CPU
		{75EE42AB-40D4-47FF-B8D6-ADD17E6D2F0F}.Release|Any CPU.ActiveCfg = Release|Any CPU
		{75EE42AB-40D4-47FF-B8D6-ADD17E6D2F0F}.Release|Any CPU.Build.0 = Release|Any CPU
		{7D888E94-98B4-4A56-90BC-91DE791539CA}.Debug|Any CPU.ActiveCfg = Debug|Any CPU
		{7D888E94-98B4-4A56-90BC-91DE791539CA}.Debug|Any CPU.Build.0 = Debug|Any CPU
		{7D888E94-98B4-4A56-90BC-91DE791539CA}.Release|Any CPU.ActiveCfg = Release|Any CPU
		{7D888E94-98B4-4A56-90BC-91DE791539CA}.Release|Any CPU.Build.0 = Release|Any CPU
		{11A0969A-9BE9-4E7A-9DC5-300CBEDC0A45}.Debug|Any CPU.ActiveCfg = Debug|Any CPU
		{11A0969A-9BE9-4E7A-9DC5-300CBEDC0A45}.Debug|Any CPU.Build.0 = Debug|Any CPU
		{11A0969A-9BE9-4E7A-9DC5-300CBEDC0A45}.Release|Any CPU.ActiveCfg = Release|Any CPU
		{11A0969A-9BE9-4E7A-9DC5-300CBEDC0A45}.Release|Any CPU.Build.0 = Release|Any CPU
		{2543B4D5-D0A3-40E9-978B-A872674CF825}.Debug|Any CPU.ActiveCfg = Debug|Any CPU
		{2543B4D5-D0A3-40E9-978B-A872674CF825}.Debug|Any CPU.Build.0 = Debug|Any CPU
		{2543B4D5-D0A3-40E9-978B-A872674CF825}.Release|Any CPU.ActiveCfg = Release|Any CPU
		{2543B4D5-D0A3-40E9-978B-A872674CF825}.Release|Any CPU.Build.0 = Release|Any CPU
		{C435A511-569D-4D46-9A33-3516F1114596}.Debug|Any CPU.ActiveCfg = Debug|Any CPU
		{C435A511-569D-4D46-9A33-3516F1114596}.Debug|Any CPU.Build.0 = Debug|Any CPU
		{C435A511-569D-4D46-9A33-3516F1114596}.Release|Any CPU.ActiveCfg = Release|Any CPU
		{C435A511-569D-4D46-9A33-3516F1114596}.Release|Any CPU.Build.0 = Release|Any CPU
		{89277377-3A0A-4B7A-8CC5-769D583AA77F}.Debug|Any CPU.ActiveCfg = Debug|Any CPU
		{89277377-3A0A-4B7A-8CC5-769D583AA77F}.Debug|Any CPU.Build.0 = Debug|Any CPU
		{89277377-3A0A-4B7A-8CC5-769D583AA77F}.Release|Any CPU.ActiveCfg = Release|Any CPU
		{89277377-3A0A-4B7A-8CC5-769D583AA77F}.Release|Any CPU.Build.0 = Release|Any CPU
		{63C11B93-D124-49BE-8833-E4594F46E608}.Debug|Any CPU.ActiveCfg = Debug|Any CPU
		{63C11B93-D124-49BE-8833-E4594F46E608}.Debug|Any CPU.Build.0 = Debug|Any CPU
		{63C11B93-D124-49BE-8833-E4594F46E608}.Release|Any CPU.ActiveCfg = Release|Any CPU
		{63C11B93-D124-49BE-8833-E4594F46E608}.Release|Any CPU.Build.0 = Release|Any CPU
		{946EAED9-18D0-424D-A3C0-93C704496AA3}.Debug|Any CPU.ActiveCfg = Debug|Any CPU
		{946EAED9-18D0-424D-A3C0-93C704496AA3}.Debug|Any CPU.Build.0 = Debug|Any CPU
		{946EAED9-18D0-424D-A3C0-93C704496AA3}.Release|Any CPU.ActiveCfg = Release|Any CPU
		{946EAED9-18D0-424D-A3C0-93C704496AA3}.Release|Any CPU.Build.0 = Release|Any CPU
		{4A96C036-A98B-4318-8097-E48E107F663A}.Debug|Any CPU.ActiveCfg = Debug|Any CPU
		{4A96C036-A98B-4318-8097-E48E107F663A}.Debug|Any CPU.Build.0 = Debug|Any CPU
		{4A96C036-A98B-4318-8097-E48E107F663A}.Release|Any CPU.ActiveCfg = Release|Any CPU
		{4A96C036-A98B-4318-8097-E48E107F663A}.Release|Any CPU.Build.0 = Release|Any CPU
		{D009D587-4753-466F-A3E8-3CF2CEAEF7E4}.Debug|Any CPU.ActiveCfg = Debug|Any CPU
		{D009D587-4753-466F-A3E8-3CF2CEAEF7E4}.Debug|Any CPU.Build.0 = Debug|Any CPU
		{D009D587-4753-466F-A3E8-3CF2CEAEF7E4}.Release|Any CPU.ActiveCfg = Release|Any CPU
		{D009D587-4753-466F-A3E8-3CF2CEAEF7E4}.Release|Any CPU.Build.0 = Release|Any CPU
		{E56CB7FC-D1C5-44B5-AF91-8155EAC92381}.Debug|Any CPU.ActiveCfg = Debug|Any CPU
		{E56CB7FC-D1C5-44B5-AF91-8155EAC92381}.Debug|Any CPU.Build.0 = Debug|Any CPU
		{E56CB7FC-D1C5-44B5-AF91-8155EAC92381}.Release|Any CPU.ActiveCfg = Release|Any CPU
		{E56CB7FC-D1C5-44B5-AF91-8155EAC92381}.Release|Any CPU.Build.0 = Release|Any CPU
		{DF8EAB51-14EE-48B2-93AC-7BED5FF6AA12}.Debug|Any CPU.ActiveCfg = Debug|Any CPU
		{DF8EAB51-14EE-48B2-93AC-7BED5FF6AA12}.Debug|Any CPU.Build.0 = Debug|Any CPU
		{DF8EAB51-14EE-48B2-93AC-7BED5FF6AA12}.Release|Any CPU.ActiveCfg = Release|Any CPU
		{DF8EAB51-14EE-48B2-93AC-7BED5FF6AA12}.Release|Any CPU.Build.0 = Release|Any CPU
		{3630B061-8C3B-44CC-B226-83EEE8B54D49}.Debug|Any CPU.ActiveCfg = Debug|Any CPU
		{3630B061-8C3B-44CC-B226-83EEE8B54D49}.Debug|Any CPU.Build.0 = Debug|Any CPU
		{3630B061-8C3B-44CC-B226-83EEE8B54D49}.Release|Any CPU.ActiveCfg = Release|Any CPU
		{3630B061-8C3B-44CC-B226-83EEE8B54D49}.Release|Any CPU.Build.0 = Release|Any CPU
	EndGlobalSection
	GlobalSection(SolutionProperties) = preSolution
		HideSolutionNode = FALSE
	EndGlobalSection
	GlobalSection(NestedProjects) = preSolution
		{43DDF7F9-8F47-49EC-B919-923E06D86AB7} = {5B396B83-C3D1-422E-AF7A-5D99602B3C05}
		{2543B4D5-D0A3-40E9-978B-A872674CF825} = {5B396B83-C3D1-422E-AF7A-5D99602B3C05}
		{C435A511-569D-4D46-9A33-3516F1114596} = {5B396B83-C3D1-422E-AF7A-5D99602B3C05}
		{0B7900BF-ABDA-4783-9EF2-2A11E2F25CF3} = {5B396B83-C3D1-422E-AF7A-5D99602B3C05}
		{89277377-3A0A-4B7A-8CC5-769D583AA77F} = {0B7900BF-ABDA-4783-9EF2-2A11E2F25CF3}
		{63C11B93-D124-49BE-8833-E4594F46E608} = {0B7900BF-ABDA-4783-9EF2-2A11E2F25CF3}
		{946EAED9-18D0-424D-A3C0-93C704496AA3} = {0B7900BF-ABDA-4783-9EF2-2A11E2F25CF3}
		{4A96C036-A98B-4318-8097-E48E107F663A} = {0B7900BF-ABDA-4783-9EF2-2A11E2F25CF3}
		{CC718CC6-C2BA-4BF9-8D0E-679C158DBE12} = {5B396B83-C3D1-422E-AF7A-5D99602B3C05}
		{D009D587-4753-466F-A3E8-3CF2CEAEF7E4} = {CC718CC6-C2BA-4BF9-8D0E-679C158DBE12}
		{E56CB7FC-D1C5-44B5-AF91-8155EAC92381} = {CC718CC6-C2BA-4BF9-8D0E-679C158DBE12}
		{DF8EAB51-14EE-48B2-93AC-7BED5FF6AA12} = {CC718CC6-C2BA-4BF9-8D0E-679C158DBE12}
		{3630B061-8C3B-44CC-B226-83EEE8B54D49} = {CC718CC6-C2BA-4BF9-8D0E-679C158DBE12}
	EndGlobalSection
	GlobalSection(ExtensibilityGlobals) = postSolution
		SolutionGuid = {89A98ED1-2D66-4D68-A36D-39A8F4ADB399}
	EndGlobalSection
EndGlobal
