
Microsoft Visual Studio Solution File, Format Version 12.00
# Visual Studio Version 17
VisualStudioVersion = 17.2.32408.312
MinimumVisualStudioVersion = 10.0.40219.1
Project("{2150E333-8FDC-42A3-9474-1A3956D46DE8}") = "Tests", "Tests", "{5B396B83-C3D1-422E-AF7A-5D99602B3C05}"
EndProject
Project("{9A19103F-16F7-4668-BE54-9A1E7A4F7556}") = "OutputProject", "Tests\OutputTest\OutputProject.csproj", "{43DDF7F9-8F47-49EC-B919-923E06D86AB7}"
EndProject
Project("{9A19103F-16F7-4668-BE54-9A1E7A4F7556}") = "DotNet.Cli.Build", "DotNet.Cli.Build\DotNet.Cli.Build.csproj", "{C3DB14C0-A82D-4CF4-A91D-79941D94DB01}"
EndProject
Project("{9A19103F-16F7-4668-BE54-9A1E7A4F7556}") = "GenerateAspNetCoreClient", "GenerateAspNetCoreClient\GenerateAspNetCoreClient.csproj", "{75EE42AB-40D4-47FF-B8D6-ADD17E6D2F0F}"
EndProject
Project("{9A19103F-16F7-4668-BE54-9A1E7A4F7556}") = "GenerateAspNetCoreClient.Command", "GenerateAspNetCoreClient.Command\GenerateAspNetCoreClient.Command.csproj", "{7D888E94-98B4-4A56-90BC-91DE791539CA}"
EndProject
Project("{9A19103F-16F7-4668-BE54-9A1E7A4F7556}") = "GenerateAspNetCoreClient.Options", "GenerateAspNetCoreClient.Options\GenerateAspNetCoreClient.Options.csproj", "{11A0969A-9BE9-4E7A-9DC5-300CBEDC0A45}"
EndProject
Project("{9A19103F-16F7-4668-BE54-9A1E7A4F7556}") = "GenerateAspNetCoreClient.Tests", "Tests\GenerateAspNetCoreClient.Tests\GenerateAspNetCoreClient.Tests.csproj", "{2543B4D5-D0A3-40E9-978B-A872674CF825}"
EndProject
Project("{2150E333-8FDC-42A3-9474-1A3956D46DE8}") = "Solution Items", "Solution Items", "{DD70E8A2-C0E4-463D-9A96-5E466F5ED10E}"
	ProjectSection(SolutionItems) = preProject
		.editorconfig = .editorconfig
		.github\workflows\dotnetcore.yml = .github\workflows\dotnetcore.yml
		README.md = README.md
	EndProjectSection
EndProject
Project("{9A19103F-16F7-4668-BE54-9A1E7A4F7556}") = "TestWebApi.MinimalApi", "Tests\TestWebApi.MinimalApi\TestWebApi.MinimalApi.csproj", "{46F0A4F8-2F10-4AA1-807F-CB06BB7820BB}"
EndProject
Project("{9A19103F-16F7-4668-BE54-9A1E7A4F7556}") = "TestWebApi.Controllers", "Tests\TestWebApi.Controllers\TestWebApi.Controllers.csproj", "{CE509800-53DC-4A9A-A992-A483293D5FFD}"
EndProject
Project("{9A19103F-16F7-4668-BE54-9A1E7A4F7556}") = "TestWebApi.Dtos", "Tests\TestWebApi.Dtos\TestWebApi.Dtos.csproj", "{C435A511-569D-4D46-9A33-3516F1114596}"
EndProject
Project("{9A19103F-16F7-4668-BE54-9A1E7A4F7556}") = "TestWebApi.Versioning", "Tests\TestWebApi.Versioning\TestWebApi.Versioning.csproj", "{72F457DA-3EDC-4EDA-A15C-CC3FDE507366}"
EndProject
Project("{9A19103F-16F7-4668-BE54-9A1E7A4F7556}") = "TestWebApi.Controllers.UseApiResponses", "Tests\TestWebApi.Controllers.UseApiResponses\TestWebApi.Controllers.UseApiResponses.csproj", "{A0FE1063-5602-42DC-ACD7-D17E98483E5A}"
EndProject
Global
	GlobalSection(SolutionConfigurationPlatforms) = preSolution
		Debug|Any CPU = Debug|Any CPU
		Release|Any CPU = Release|Any CPU
	EndGlobalSection
	GlobalSection(ProjectConfigurationPlatforms) = postSolution
		{43DDF7F9-8F47-49EC-B919-923E06D86AB7}.Debug|Any CPU.ActiveCfg = Debug|Any CPU
		{43DDF7F9-8F47-49EC-B919-923E06D86AB7}.Debug|Any CPU.Build.0 = Debug|Any CPU
		{43DDF7F9-8F47-49EC-B919-923E06D86AB7}.Release|Any CPU.ActiveCfg = Release|Any CPU
		{43DDF7F9-8F47-49EC-B919-923E06D86AB7}.Release|Any CPU.Build.0 = Release|Any CPU
		{C3DB14C0-A82D-4CF4-A91D-79941D94DB01}.Debug|Any CPU.ActiveCfg = Debug|Any CPU
		{C3DB14C0-A82D-4CF4-A91D-79941D94DB01}.Debug|Any CPU.Build.0 = Debug|Any CPU
		{C3DB14C0-A82D-4CF4-A91D-79941D94DB01}.Release|Any CPU.ActiveCfg = Release|Any CPU
		{C3DB14C0-A82D-4CF4-A91D-79941D94DB01}.Release|Any CPU.Build.0 = Release|Any CPU
		{75EE42AB-40D4-47FF-B8D6-ADD17E6D2F0F}.Debug|Any CPU.ActiveCfg = Debug|Any CPU
		{75EE42AB-40D4-47FF-B8D6-ADD17E6D2F0F}.Debug|Any CPU.Build.0 = Debug|Any CPU
		{75EE42AB-40D4-47FF-B8D6-ADD17E6D2F0F}.Release|Any CPU.ActiveCfg = Release|Any CPU
		{75EE42AB-40D4-47FF-B8D6-ADD17E6D2F0F}.Release|Any CPU.Build.0 = Release|Any CPU
		{7D888E94-98B4-4A56-90BC-91DE791539CA}.Debug|Any CPU.ActiveCfg = Debug|Any CPU
		{7D888E94-98B4-4A56-90BC-91DE791539CA}.Debug|Any CPU.Build.0 = Debug|Any CPU
		{7D888E94-98B4-4A56-90BC-91DE791539CA}.Release|Any CPU.ActiveCfg = Release|Any CPU
		{7D888E94-98B4-4A56-90BC-91DE791539CA}.Release|Any CPU.Build.0 = Release|Any CPU
		{11A0969A-9BE9-4E7A-9DC5-300CBEDC0A45}.Debug|Any CPU.ActiveCfg = Debug|Any CPU
		{11A0969A-9BE9-4E7A-9DC5-300CBEDC0A45}.Debug|Any CPU.Build.0 = Debug|Any CPU
		{11A0969A-9BE9-4E7A-9DC5-300CBEDC0A45}.Release|Any CPU.ActiveCfg = Release|Any CPU
		{11A0969A-9BE9-4E7A-9DC5-300CBEDC0A45}.Release|Any CPU.Build.0 = Release|Any CPU
		{2543B4D5-D0A3-40E9-978B-A872674CF825}.Debug|Any CPU.ActiveCfg = Debug|Any CPU
		{2543B4D5-D0A3-40E9-978B-A872674CF825}.Debug|Any CPU.Build.0 = Debug|Any CPU
		{2543B4D5-D0A3-40E9-978B-A872674CF825}.Release|Any CPU.ActiveCfg = Release|Any CPU
		{2543B4D5-D0A3-40E9-978B-A872674CF825}.Release|Any CPU.Build.0 = Release|Any CPU
		{46F0A4F8-2F10-4AA1-807F-CB06BB7820BB}.Debug|Any CPU.ActiveCfg = Debug|Any CPU
		{46F0A4F8-2F10-4AA1-807F-CB06BB7820BB}.Debug|Any CPU.Build.0 = Debug|Any CPU
		{46F0A4F8-2F10-4AA1-807F-CB06BB7820BB}.Release|Any CPU.ActiveCfg = Release|Any CPU
		{46F0A4F8-2F10-4AA1-807F-CB06BB7820BB}.Release|Any CPU.Build.0 = Release|Any CPU
		{CE509800-53DC-4A9A-A992-A483293D5FFD}.Debug|Any CPU.ActiveCfg = Debug|Any CPU
		{CE509800-53DC-4A9A-A992-A483293D5FFD}.Debug|Any CPU.Build.0 = Debug|Any CPU
		{CE509800-53DC-4A9A-A992-A483293D5FFD}.Release|Any CPU.ActiveCfg = Release|Any CPU
		{CE509800-53DC-4A9A-A992-A483293D5FFD}.Release|Any CPU.Build.0 = Release|Any CPU
		{C435A511-569D-4D46-9A33-3516F1114596}.Debug|Any CPU.ActiveCfg = Debug|Any CPU
		{C435A511-569D-4D46-9A33-3516F1114596}.Debug|Any CPU.Build.0 = Debug|Any CPU
		{C435A511-569D-4D46-9A33-3516F1114596}.Release|Any CPU.ActiveCfg = Release|Any CPU
		{C435A511-569D-4D46-9A33-3516F1114596}.Release|Any CPU.Build.0 = Release|Any CPU
		{72F457DA-3EDC-4EDA-A15C-CC3FDE507366}.Debug|Any CPU.ActiveCfg = Debug|Any CPU
		{72F457DA-3EDC-4EDA-A15C-CC3FDE507366}.Debug|Any CPU.Build.0 = Debug|Any CPU
		{72F457DA-3EDC-4EDA-A15C-CC3FDE507366}.Release|Any CPU.ActiveCfg = Release|Any CPU
		{72F457DA-3EDC-4EDA-A15C-CC3FDE507366}.Release|Any CPU.Build.0 = Release|Any CPU
		{A0FE1063-5602-42DC-ACD7-D17E98483E5A}.Debug|Any CPU.ActiveCfg = Debug|Any CPU
		{A0FE1063-5602-42DC-ACD7-D17E98483E5A}.Debug|Any CPU.Build.0 = Debug|Any CPU
		{A0FE1063-5602-42DC-ACD7-D17E98483E5A}.Release|Any CPU.ActiveCfg = Release|Any CPU
		{A0FE1063-5602-42DC-ACD7-D17E98483E5A}.Release|Any CPU.Build.0 = Release|Any CPU
	EndGlobalSection
	GlobalSection(SolutionProperties) = preSolution
		HideSolutionNode = FALSE
	EndGlobalSection
	GlobalSection(NestedProjects) = preSolution
		{43DDF7F9-8F47-49EC-B919-923E06D86AB7} = {5B396B83-C3D1-422E-AF7A-5D99602B3C05}
		{2543B4D5-D0A3-40E9-978B-A872674CF825} = {5B396B83-C3D1-422E-AF7A-5D99602B3C05}
		{46F0A4F8-2F10-4AA1-807F-CB06BB7820BB} = {5B396B83-C3D1-422E-AF7A-5D99602B3C05}
		{CE509800-53DC-4A9A-A992-A483293D5FFD} = {5B396B83-C3D1-422E-AF7A-5D99602B3C05}
		{C435A511-569D-4D46-9A33-3516F1114596} = {5B396B83-C3D1-422E-AF7A-5D99602B3C05}
		{72F457DA-3EDC-4EDA-A15C-CC3FDE507366} = {5B396B83-C3D1-422E-AF7A-5D99602B3C05}
		{A0FE1063-5602-42DC-ACD7-D17E98483E5A} = {5B396B83-C3D1-422E-AF7A-5D99602B3C05}
	EndGlobalSection
	GlobalSection(ExtensibilityGlobals) = postSolution
		SolutionGuid = {89A98ED1-2D66-4D68-A36D-39A8F4ADB399}
	EndGlobalSection
EndGlobal
